<?xml version="1.0" encoding="utf-8"?>
<Project ToolsVersion="4.0" xmlns="http://schemas.microsoft.com/developer/msbuild/2003">
  <ItemGroup>
    <Filter Include="src">
      <UniqueIdentifier>{4FC737F1-C7A5-4376-A066-2A32D752A2FF}</UniqueIdentifier>
      <Extensions>cpp;c;cc;cxx;def;odl;idl;hpj;bat;asm;asmx</Extensions>
    </Filter>
    <Filter Include="include">
      <UniqueIdentifier>{93995380-89BD-4b04-88EB-625FBE52EBFB}</UniqueIdentifier>
      <Extensions>h;hh;hpp;hxx;hm;inl;inc;xsd</Extensions>
    </Filter>
    <Filter Include="include\kaphein">
      <UniqueIdentifier>{375be2e9-3107-4596-a448-94825b15a82c}</UniqueIdentifier>
    </Filter>
    <Filter Include="src\kaphein">
      <UniqueIdentifier>{5087f882-fe64-401a-97da-74981d716fc5}</UniqueIdentifier>
    </Filter>
    <Filter Include="include\kaphein\c">
      <UniqueIdentifier>{b7cc80a0-4a85-49e5-85f0-653c9c629d54}</UniqueIdentifier>
    </Filter>
    <Filter Include="include\kaphein\c\nes">
      <UniqueIdentifier>{1c17af15-d384-4345-94d3-a66d3cc29bde}</UniqueIdentifier>
    </Filter>
    <Filter Include="include\kaphein\c\coll">
      <UniqueIdentifier>{4acba069-ee67-4a3d-97f0-75d01daf2abe}</UniqueIdentifier>
    </Filter>
    <Filter Include="include\kaphein\c\geom">
      <UniqueIdentifier>{9b98fe3a-9c8d-4bd8-a6ab-926220160ae8}</UniqueIdentifier>
    </Filter>
    <Filter Include="include\kaphein\c\math">
      <UniqueIdentifier>{32913ee0-798d-4747-b97e-8250dc86fcfb}</UniqueIdentifier>
    </Filter>
    <Filter Include="include\kaphein\c\mem">
      <UniqueIdentifier>{6b0d7e23-cc5a-4963-898c-79cca2d07c64}</UniqueIdentifier>
    </Filter>
    <Filter Include="include\kaphein\c\ncod">
      <UniqueIdentifier>{2b1a4bb4-b8de-4dca-ab53-a27b577d5aac}</UniqueIdentifier>
    </Filter>
    <Filter Include="src\kaphein\c">
      <UniqueIdentifier>{f7a93e52-f099-45b4-8d61-ea784a9ef591}</UniqueIdentifier>
    </Filter>
    <Filter Include="src\kaphein\c\nes">
      <UniqueIdentifier>{a2acf020-fe06-418d-ab41-fc91133746b3}</UniqueIdentifier>
    </Filter>
    <Filter Include="src\kaphein\c\coll">
      <UniqueIdentifier>{9c3ece7c-8bec-4b24-894f-b0b887fe6165}</UniqueIdentifier>
    </Filter>
    <Filter Include="src\kaphein\c\math">
      <UniqueIdentifier>{9d92416b-ed46-4bf4-ba7e-8532953c589c}</UniqueIdentifier>
    </Filter>
    <Filter Include="src\kaphein\c\mem">
      <UniqueIdentifier>{0a36a915-7c90-4545-8e72-e0031db82513}</UniqueIdentifier>
    </Filter>
    <Filter Include="src\kaphein\c\ncod">
      <UniqueIdentifier>{5b6a22cd-dc20-4df2-bc5d-18fc343c6d02}</UniqueIdentifier>
    </Filter>
  </ItemGroup>
  <ItemGroup>
    <ClInclude Include="..\..\include\kaphein\c\coll\func.h">
      <Filter>include\kaphein\c\coll</Filter>
    </ClInclude>
    <ClInclude Include="..\..\include\kaphein\c\coll\ListStack.h">
      <Filter>include\kaphein\c\coll</Filter>
    </ClInclude>
    <ClInclude Include="..\..\include\kaphein\c\coll\TreeSet.h">
      <Filter>include\kaphein\c\coll</Filter>
    </ClInclude>
    <ClInclude Include="..\..\include\kaphein\c\geom\Aabb.h">
      <Filter>include\kaphein\c\geom</Filter>
    </ClInclude>
    <ClInclude Include="..\..\include\kaphein\c\geom\Capsule.h">
      <Filter>include\kaphein\c\geom</Filter>
    </ClInclude>
    <ClInclude Include="..\..\include\kaphein\c\geom\LineSeg.h">
      <Filter>include\kaphein\c\geom</Filter>
    </ClInclude>
    <ClInclude Include="..\..\include\kaphein\c\geom\Mpr.h">
      <Filter>include\kaphein\c\geom</Filter>
    </ClInclude>
    <ClInclude Include="..\..\include\kaphein\c\geom\Obb.h">
      <Filter>include\kaphein\c\geom</Filter>
    </ClInclude>
    <ClInclude Include="..\..\include\kaphein\c\geom\Plane.h">
      <Filter>include\kaphein\c\geom</Filter>
    </ClInclude>
    <ClInclude Include="..\..\include\kaphein\c\geom\Ray.h">
      <Filter>include\kaphein\c\geom</Filter>
    </ClInclude>
    <ClInclude Include="..\..\include\kaphein\c\geom\Sphere.h">
      <Filter>include\kaphein\c\geom</Filter>
    </ClInclude>
    <ClInclude Include="..\..\include\kaphein\c\geom\Triangle.h">
      <Filter>include\kaphein\c\geom</Filter>
    </ClInclude>
    <ClInclude Include="..\..\include\kaphein\c\math\Complexf.h">
      <Filter>include\kaphein\c\math</Filter>
    </ClInclude>
    <ClInclude Include="..\..\include\kaphein\c\math\const.h">
      <Filter>include\kaphein\c\math</Filter>
    </ClInclude>
    <ClInclude Include="..\..\include\kaphein\c\math\func.h">
      <Filter>include\kaphein\c\math</Filter>
    </ClInclude>
    <ClInclude Include="..\..\include\kaphein\c\math\Matf.h">
      <Filter>include\kaphein\c\math</Filter>
    </ClInclude>
    <ClInclude Include="..\..\include\kaphein\c\math\Quatf.h">
      <Filter>include\kaphein\c\math</Filter>
    </ClInclude>
    <ClInclude Include="..\..\include\kaphein\c\math\Vec3f.h">
      <Filter>include\kaphein\c\math</Filter>
    </ClInclude>
    <ClInclude Include="..\..\include\kaphein\c\mem\FscPool.h">
      <Filter>include\kaphein\c\mem</Filter>
    </ClInclude>
    <ClInclude Include="..\..\include\kaphein\c\mem\func.h">
      <Filter>include\kaphein\c\mem</Filter>
    </ClInclude>
    <ClInclude Include="..\..\include\kaphein\c\mem\VscPool.h">
      <Filter>include\kaphein\c\mem</Filter>
    </ClInclude>
    <ClInclude Include="..\..\include\kaphein\c\ncod\base64.h">
      <Filter>include\kaphein\c\ncod</Filter>
    </ClInclude>
    <ClInclude Include="..\..\include\kaphein\c\ncod\cp949.h">
      <Filter>include\kaphein\c\ncod</Filter>
    </ClInclude>
    <ClInclude Include="..\..\include\kaphein\c\ncod\utf.h">
      <Filter>include\kaphein\c\ncod</Filter>
    </ClInclude>
    <ClInclude Include="..\..\include\kaphein\c\nes\RP2A03.h">
      <Filter>include\kaphein\c\nes</Filter>
    </ClInclude>
    <ClInclude Include="..\..\include\kaphein\c\nes\RP2A03Apu.h">
      <Filter>include\kaphein\c\nes</Filter>
    </ClInclude>
    <ClInclude Include="..\..\include\kaphein\c\nes\RP2C02.h">
      <Filter>include\kaphein\c\nes</Filter>
    </ClInclude>
    <ClInclude Include="..\..\include\kaphein\c\mem\fwd.h">
      <Filter>include\kaphein\c\mem</Filter>
    </ClInclude>
    <ClInclude Include="..\..\include\kaphein\c\def.h">
      <Filter>include\kaphein\c</Filter>
    </ClInclude>
  </ItemGroup>
  <ItemGroup>
    <ClCompile Include="..\..\src\kaphein\c\mem\FscPool.c">
      <Filter>src\kaphein\c\mem</Filter>
    </ClCompile>
    <ClCompile Include="..\..\src\kaphein\c\mem\func.c">
      <Filter>src\kaphein\c\mem</Filter>
    </ClCompile>
    <ClCompile Include="..\..\src\kaphein\c\mem\VscPool.c">
      <Filter>src\kaphein\c\mem</Filter>
    </ClCompile>
    <ClCompile Include="..\..\src\kaphein\c\math\Complexf.c">
      <Filter>src\kaphein\c\math</Filter>
    </ClCompile>
    <ClCompile Include="..\..\src\kaphein\c\math\func.c">
      <Filter>src\kaphein\c\math</Filter>
    </ClCompile>
    <ClCompile Include="..\..\src\kaphein\c\math\Quatf.c">
      <Filter>src\kaphein\c\math</Filter>
    </ClCompile>
    <ClCompile Include="..\..\src\kaphein\c\math\Vec3.c">
      <Filter>src\kaphein\c\math</Filter>
    </ClCompile>
    <ClCompile Include="..\..\src\kaphein\c\ncod\base64.c">
      <Filter>src\kaphein\c\ncod</Filter>
    </ClCompile>
    <ClCompile Include="..\..\src\kaphein\c\ncod\cp949.c">
      <Filter>src\kaphein\c\ncod</Filter>
    </ClCompile>
    <ClCompile Include="..\..\src\kaphein\c\ncod\utf.c">
      <Filter>src\kaphein\c\ncod</Filter>
    </ClCompile>
    <ClCompile Include="..\..\src\kaphein\c\nes\RP2A03.c">
      <Filter>src\kaphein\c\nes</Filter>
    </ClCompile>
    <ClCompile Include="..\..\src\kaphein\c\nes\RP2A03Apu.c">
      <Filter>src\kaphein\c\nes</Filter>
    </ClCompile>
    <ClCompile Include="..\..\src\kaphein\c\nes\RP2C02.c">
      <Filter>src\kaphein\c\nes</Filter>
    </ClCompile>
    <ClCompile Include="..\..\src\kaphein\c\coll\func.c">
      <Filter>src\kaphein\c\coll</Filter>
    </ClCompile>
    <ClCompile Include="..\..\src\kaphein\c\coll\ListStack.c">
      <Filter>src\kaphein\c\coll</Filter>
    </ClCompile>
    <ClCompile Include="..\..\src\kaphein\c\coll\TreeSet.c">
      <Filter>src\kaphein\c\coll</Filter>
    </ClCompile>
    <ClCompile Include="..\..\src\kaphein\c\math\Matf.c">
      <Filter>src\kaphein\c\math</Filter>
    </ClCompile>
  </ItemGroup>
</Project>